// !$*UTF8*$!
{
	archiveVersion = 1;
	classes = {
	};
	objectVersion = 77;
	objects = {

/* Begin PBXBuildFile section */
		A49693CB2FC43854000BF5E9 /* FirebaseAI in Frameworks */ = {isa = PBXBuildFile; productRef = A49693CA2FC43854000BF5E9 /* FirebaseAI */; };
		A49693CD2FC43854000BF5E9 /* FirebaseAnalytics in Frameworks */ = {isa = PBXBuildFile; productRef = A49693CC2FC43854000BF5E9 /* FirebaseAnalytics */; };
		B49693D12FC60000000BF5E9 /* CampComicsCore in Frameworks */ = {isa = PBXBuildFile; productRef = B49693D02FC60000000BF5E9 /* CampComicsCore */; };
/* End PBXBuildFile section */

/* Begin PBXContainerItemProxy section */
		A49693AC2FC430C6000BF5E9 /* PBXContainerItemProxy */ = {
			isa = PBXContainerItemProxy;
			containerPortal = A49693962FC430C4000BF5E9 /* Project object */;
			proxyType = 1;
			remoteGlobalIDString = A496939D2FC430C4000BF5E9;
			remoteInfo = CampComics;
		};
		A49693B62FC430C6000BF5E9 /* PBXContainerItemProxy */ = {
			isa = PBXContainerItemProxy;
			containerPortal = A49693962FC430C4000BF5E9 /* Project object */;
			proxyType = 1;
			remoteGlobalIDString = A496939D2FC430C4000BF5E9;
			remoteInfo = CampComics;
		};
/* End PBXContainerItemProxy section */

/* Begin PBXFileReference section */
		A496939E2FC430C4000BF5E9 /* CampComics.app */ = {isa = PBXFileReference; explicitFileType = wrapper.application; includeInIndex = 0; path = CampComics.app; sourceTree = BUILT_PRODUCTS_DIR; };
		A49693AB2FC430C6000BF5E9 /* CampComicsTests.xctest */ = {isa = PBXFileReference; explicitFileType = wrapper.cfbundle; includeInIndex = 0; path = CampComicsTests.xctest; sourceTree = BUILT_PRODUCTS_DIR; };
		A49693B52FC430C6000BF5E9 /* CampComicsUITests.xctest */ = {isa = PBXFileReference; explicitFileType = wrapper.cfbundle; includeInIndex = 0; path = CampComicsUITests.xctest; sourceTree = BUILT_PRODUCTS_DIR; };
/* End PBXFileReference section */

/* Begin PBXFileSystemSynchronizedRootGroup section */
		A49693A02FC430C4000BF5E9 /* CampComics */ = {
			isa = PBXFileSystemSynchronizedRootGroup;
			path = CampComics;
			sourceTree = "<group>";
		};
		A49693AE2FC430C6000BF5E9 /* CampComicsTests */ = {
			isa = PBXFileSystemSynchronizedRootGroup;
			path = CampComicsTests;
			sourceTree = "<group>";
		};
		A49693B82FC430C6000BF5E9 /* CampComicsUITests */ = {
			isa = PBXFileSystemSynchronizedRootGroup;
			path = CampComicsUITests;
			sourceTree = "<group>";
		};
/* End PBXFileSystemSynchronizedRootGroup section */

/* Begin PBXFrameworksBuildPhase section */
		A496939B2FC430C4000BF5E9 /* Frameworks */ = {
			isa = PBXFrameworksBuildPhase;
			buildActionMask = 2147483647;
			files = (
				A49693CD2FC43854000BF5E9 /* FirebaseAnalytics in Frameworks */,
				A49693CB2FC43854000BF5E9 /* FirebaseAI in Frameworks */,
				B49693D12FC60000000BF5E9 /* CampComicsCore in Frameworks */,
			);
			runOnlyForDeploymentPostprocessing = 0;
		};
		A49693A82FC430C6000BF5E9 /* Frameworks */ = {
			isa = PBXFrameworksBuildPhase;
			buildActionMask = 2147483647;
			files = (
			);
			runOnlyForDeploymentPostprocessing = 0;
		};
		A49693B22FC430C6000BF5E9 /* Frameworks */ = {
			isa = PBXFrameworksBuildPhase;
			buildActionMask = 2147483647;
			files = (
			);
			runOnlyForDeploymentPostprocessing = 0;
		};
/* End PBXFrameworksBuildPhase section */

/* Begin PBXGroup section */
		A49693952FC430C4000BF5E9 = {
			isa = PBXGroup;
			children = (
				A49693A02FC430C4000BF5E9 /* CampComics */,
				A49693AE2FC430C6000BF5E9 /* CampComicsTests */,
				A49693B82FC430C6000BF5E9 /* CampComicsUITests */,
				A496939F2FC430C4000BF5E9 /* Products */,
			);
			sourceTree = "<group>";
		};
		A496939F2FC430C4000BF5E9 /* Products */ = {
			isa = PBXGroup;
			children = (
				A496939E2FC430C4000BF5E9 /* CampComics.app */,
				A49693AB2FC430C6000BF5E9 /* CampComicsTests.xctest */,
				A49693B52FC430C6000BF5E9 /* CampComicsUITests.xctest */,
			);
			name = Products;
			sourceTree = "<group>";
		};
/* End PBXGroup section */

/* Begin PBXNativeTarget section */
		A496939D2FC430C4000BF5E9 /* CampComics */ = {
			isa = PBXNativeTarget;
			buildConfigurationList = A49693BF2FC430C6000BF5E9 /* Build configuration list for PBXNativeTarget "CampComics" */;
			buildPhases = (
				A496939A2FC430C4000BF5E9 /* Sources */,
				A496939B2FC430C4000BF5E9 /* Frameworks */,
				A496939C2FC430C4000BF5E9 /* Resources */,
			);
			buildRules = (
			);
			dependencies = (
			);
			fileSystemSynchronizedGroups = (
				A49693A02FC430C4000BF5E9 /* CampComics */,
			);
			name = CampComics;
			packageProductDependencies = (
				A49693CA2FC43854000BF5E9 /* FirebaseAI */,
				A49693CC2FC43854000BF5E9 /* FirebaseAnalytics */,
				B49693D02FC60000000BF5E9 /* CampComicsCore */,
			);
			productName = CampComics;
			productReference = A496939E2FC430C4000BF5E9 /* CampComics.app */;
			productType = "com.apple.product-type.application";
		};
		A49693AA2FC430C6000BF5E9 /* CampComicsTests */ = {
			isa = PBXNativeTarget;
			buildConfigurationList = A49693C22FC430C6000BF5E9 /* Build configuration list for PBXNativeTarget "CampComicsTests" */;
			buildPhases = (
				A49693A72FC430C6000BF5E9 /* Sources */,
				A49693A82FC430C6000BF5E9 /* Frameworks */,
				A49693A92FC430C6000BF5E9 /* Resources */,
			);
			buildRules = (
			);
			dependencies = (
				A49693AD2FC430C6000BF5E9 /* PBXTargetDependency */,
			);
			fileSystemSynchronizedGroups = (
				A49693AE2FC430C6000BF5E9 /* CampComicsTests */,
			);
			name = CampComicsTests;
			packageProductDependencies = (
			);
			productName = CampComicsTests;
			productReference = A49693AB2FC430C6000BF5E9 /* CampComicsTests.xctest */;
			productType = "com.apple.product-type.bundle.unit-test";
		};
		A49693B42FC430C6000BF5E9 /* CampComicsUITests */ = {
			isa = PBXNativeTarget;
			buildConfigurationList = A49693C52FC430C6000BF5E9 /* Build configuration list for PBXNativeTarget "CampComicsUITests" */;
			buildPhases = (
				A49693B12FC430C6000BF5E9 /* Sources */,
				A49693B22FC430C6000BF5E9 /* Frameworks */,
				A49693B32FC430C6000BF5E9 /* Resources */,
			);
			buildRules = (
			);
			dependencies = (
				A49693B72FC430C6000BF5E9 /* PBXTargetDependency */,
			);
			fileSystemSynchronizedGroups = (
				A49693B82FC430C6000BF5E9 /* CampComicsUITests */,
			);
			name = CampComicsUITests;
			packageProductDependencies = (
			);
			productName = CampComicsUITests;
			productReference = A49693B52FC430C6000BF5E9 /* CampComicsUITests.xctest */;
			productType = "com.apple.product-type.bundle.ui-testing";
		};
/* End PBXNativeTarget section */

/* Begin PBXProject section */
		A49693962FC430C4000BF5E9 /* Project object */ = {
			isa = PBXProject;
			attributes = {
				BuildIndependentTargetsInParallel = 1;
				LastSwiftUpdateCheck = 2650;
				LastUpgradeCheck = 2650;
				TargetAttributes = {
					A496939D2FC430C4000BF5E9 = {
						CreatedOnToolsVersion = 26.5;
					};
					A49693AA2FC430C6000BF5E9 = {
						CreatedOnToolsVersion = 26.5;
						TestTargetID = A496939D2FC430C4000BF5E9;
					};
					A49693B42FC430C6000BF5E9 = {
						CreatedOnToolsVersion = 26.5;
						TestTargetID = A496939D2FC430C4000BF5E9;
					};
				};
			};
			buildConfigurationList = A49693992FC430C4000BF5E9 /* Build configuration list for PBXProject "CampComics" */;
			developmentRegion = en;
			hasScannedForEncodings = 0;
			knownRegions = (
				en,
				Base,
			);
			mainGroup = A49693952FC430C4000BF5E9;
			minimizedProjectReferenceProxies = 1;
			packageReferences = (
				A49693C82FC43763000BF5E9 /* XCLocalSwiftPackageReference "../CampComicsCore" */,
				A49693C92FC43854000BF5E9 /* XCRemoteSwiftPackageReference "firebase-ios-sdk" */,
			);
			preferredProjectObjectVersion = 77;
			productRefGroup = A496939F2FC430C4000BF5E9 /* Products */;
			projectDirPath = "";
			projectRoot = "";
			targets = (
				A496939D2FC430C4000BF5E9 /* CampComics */,
				A49693AA2FC430C6000BF5E9 /* CampComicsTests */,
				A49693B42FC430C6000BF5E9 /* CampComicsUITests */,
			);
		};
/* End PBXProject section */

/* Begin PBXResourcesBuildPhase section */
		A496939C2FC430C4000BF5E9 /* Resources */ = {
			isa = PBXResourcesBuildPhase;
			buildActionMask = 2147483647;
			files = (
			);
			runOnlyForDeploymentPostprocessing = 0;
		};
		A49693A92FC430C6000BF5E9 /* Resources */ = {
			isa = PBXResourcesBuildPhase;
			buildActionMask = 2147483647;
			files = (
			);
			runOnlyForDeploymentPostprocessing = 0;
		};
		A49693B32FC430C6000BF5E9 /* Resources */ = {
			isa = PBXResourcesBuildPhase;
			buildActionMask = 2147483647;
			files = (
			);
			runOnlyForDeploymentPostprocessing = 0;
		};
/* End PBXResourcesBuildPhase section */

/* Begin PBXSourcesBuildPhase section */
		A496939A2FC430C4000BF5E9 /* Sources */ = {
			isa = PBXSourcesBuildPhase;
			buildActionMask = 2147483647;
			files = (
			);
			runOnlyForDeploymentPostprocessing = 0;
		};
		A49693A72FC430C6000BF5E9 /* Sources */ = {
			isa = PBXSourcesBuildPhase;
			buildActionMask = 2147483647;
			files = (
			);
			runOnlyForDeploymentPostprocessing = 0;
		};
		A49693B12FC430C6000BF5E9 /* Sources */ = {
			isa = PBXSourcesBuildPhase;
			buildActionMask = 2147483647;
			files = (
			);
			runOnlyForDeploymentPostprocessing = 0;
		};
/* End PBXSourcesBuildPhase section */

/* Begin PBXTargetDependency section */
		A49693AD2FC430C6000BF5E9 /* PBXTargetDependency */ = {
			isa = PBXTargetDependency;
			target = A496939D2FC430C4000BF5E9 /* CampComics */;
			targetProxy = A49693AC2FC430C6000BF5E9 /* PBXContainerItemProxy */;
		};
		A49693B72FC430C6000BF5E9 /* PBXTargetDependency */ = {
			isa = PBXTargetDependency;
			target = A496939D2FC430C4000BF5E9 /* CampComics */;
			targetProxy = A49693B62FC430C6000BF5E9 /* PBXContainerItemProxy */;
		};
/* End PBXTargetDependency section */

/* Begin XCBuildConfiguration section */
		A49693BD2FC430C6000BF5E9 /* Debug */ = {
			isa = XCBuildConfiguration;
			buildSettings = {
				ALWAYS_SEARCH_USER_PATHS = NO;
				ASSETCATALOG_COMPILER_GENERATE_SWIFT_ASSET_SYMBOL_EXTENSIONS = YES;
				CLANG_ANALYZER_NONNULL = YES;
				CLANG_ANALYZER_NUMBER_OBJECT_CONVERSION = YES_AGGRESSIVE;
				CLANG_CXX_LANGUAGE_STANDARD = "gnu++20";
				CLANG_ENABLE_MODULES = YES;
				CLANG_ENABLE_OBJC_ARC = YES;
				CLANG_ENABLE_OBJC_WEAK = YES;
				CLANG_WARN_BLOCK_CAPTURE_AUTORELEASING = YES;
				CLANG_WARN_BOOL_CONVERSION = YES;
				CLANG_WARN_COMMA = YES;
				CLANG_WARN_CONSTANT_CONVERSION = YES;
				CLANG_WARN_DEPRECATED_OBJC_IMPLEMENTATIONS = YES;
				CLANG_WARN_DIRECT_OBJC_ISA_USAGE = YES_ERROR;
				CLANG_WARN_DOCUMENTATION_COMMENTS = YES;
				CLANG_WARN_EMPTY_BODY = YES;
				CLANG_WARN_ENUM_CONVERSION = YES;
				CLANG_WARN_INFINITE_RECURSION = YES;
				CLANG_WARN_INT_CONVERSION = YES;
				CLANG_WARN_NON_LITERAL_NULL_CONVERSION = YES;
				CLANG_WARN_OBJC_IMPLICIT_RETAIN_SELF = YES;
				CLANG_WARN_OBJC_LITERAL_CONVERSION = YES;
				CLANG_WARN_OBJC_ROOT_CLASS = YES_ERROR;
				CLANG_WARN_QUOTED_INCLUDE_IN_FRAMEWORK_HEADER = YES;
				CLANG_WARN_RANGE_LOOP_ANALYSIS = YES;
				CLANG_WARN_STRICT_PROTOTYPES = YES;
				CLANG_WARN_SUSPICIOUS_MOVE = YES;
				CLANG_WARN_UNGUARDED_AVAILABILITY = YES_AGGRESSIVE;
				CLANG_WARN_UNREACHABLE_CODE = YES;
				CLANG_WARN__DUPLICATE_METHOD_MATCH = YES;
				COPY_PHASE_STRIP = NO;
				DEBUG_INFORMATION_FORMAT = dwarf;
				DEVELOPMENT_TEAM = FD7EESNS6U;
				ENABLE_STRICT_OBJC_MSGSEND = YES;
				ENABLE_TESTABILITY = YES;
				ENABLE_USER_SCRIPT_SANDBOXING = YES;
				GCC_C_LANGUAGE_STANDARD = gnu17;
				GCC_DYNAMIC_NO_PIC = NO;
				GCC_NO_COMMON_BLOCKS = YES;
				GCC_OPTIMIZATION_LEVEL = 0;
				GCC_PREPROCESSOR_DEFINITIONS = (
					"DEBUG=1",
					"$(inherited)",
				);
				GCC_WARN_64_TO_32_BIT_CONVERSION = YES;
				GCC_WARN_ABOUT_RETURN_TYPE = YES_ERROR;
				GCC_WARN_UNDECLARED_SELECTOR = YES;
				GCC_WARN_UNINITIALIZED_AUTOS = YES_AGGRESSIVE;
				GCC_WARN_UNUSED_FUNCTION = YES;
				GCC_WARN_UNUSED_VARIABLE = YES;
				IPHONEOS_DEPLOYMENT_TARGET = 26.5;
				LOCALIZATION_PREFERS_STRING_CATALOGS = YES;
				MTL_ENABLE_DEBUG_INFO = INCLUDE_SOURCE;
				MTL_FAST_MATH = YES;
				ONLY_ACTIVE_ARCH = YES;
				SDKROOT = iphoneos;
				SWIFT_ACTIVE_COMPILATION_CONDITIONS = "DEBUG $(inherited)";
				SWIFT_OPTIMIZATION_LEVEL = "-Onone";
			};
			name = Debug;
		};
		A49693BE2FC430C6000BF5E9 /* Release */ = {
			isa = XCBuildConfiguration;
			buildSettings = {
				ALWAYS_SEARCH_USER_PATHS = NO;
				ASSETCATALOG_COMPILER_GENERATE_SWIFT_ASSET_SYMBOL_EXTENSIONS = YES;
				CLANG_ANALYZER_NONNULL = YES;
				CLANG_ANALYZER_NUMBER_OBJECT_CONVERSION = YES_AGGRESSIVE;
				CLANG_CXX_LANGUAGE_STANDARD = "gnu++20";
				CLANG_ENABLE_MODULES = YES;
				CLANG_ENABLE_OBJC_ARC = YES;
				CLANG_ENABLE_OBJC_WEAK = YES;
				CLANG_WARN_BLOCK_CAPTURE_AUTORELEASING = YES;
				CLANG_WARN_BOOL_CONVERSION = YES;
				CLANG_WARN_COMMA = YES;
				CLANG_WARN_CONSTANT_CONVERSION = YES;
				CLANG_WARN_DEPRECATED_OBJC_IMPLEMENTATIONS = YES;
				CLANG_WARN_DIRECT_OBJC_ISA_USAGE = YES_ERROR;
				CLANG_WARN_DOCUMENTATION_COMMENTS = YES;
				CLANG_WARN_EMPTY_BODY = YES;
				CLANG_WARN_ENUM_CONVERSION = YES;
				CLANG_WARN_INFINITE_RECURSION = YES;
				CLANG_WARN_INT_CONVERSION = YES;
				CLANG_WARN_NON_LITERAL_NULL_CONVERSION = YES;
				CLANG_WARN_OBJC_IMPLICIT_RETAIN_SELF = YES;
				CLANG_WARN_OBJC_LITERAL_CONVERSION = YES;
				CLANG_WARN_OBJC_ROOT_CLASS = YES_ERROR;
				CLANG_WARN_QUOTED_INCLUDE_IN_FRAMEWORK_HEADER = YES;
				CLANG_WARN_RANGE_LOOP_ANALYSIS = YES;
				CLANG_WARN_STRICT_PROTOTYPES = YES;
				CLANG_WARN_SUSPICIOUS_MOVE = YES;
				CLANG_WARN_UNGUARDED_AVAILABILITY = YES_AGGRESSIVE;
				CLANG_WARN_UNREACHABLE_CODE = YES;
				CLANG_WARN__DUPLICATE_METHOD_MATCH = YES;
				COPY_PHASE_STRIP = NO;
				DEBUG_INFORMATION_FORMAT = "dwarf-with-dsym";
				DEVELOPMENT_TEAM = FD7EESNS6U;
				ENABLE_NS_ASSERTIONS = NO;
				ENABLE_STRICT_OBJC_MSGSEND = YES;
				ENABLE_USER_SCRIPT_SANDBOXING = YES;
				GCC_C_LANGUAGE_STANDARD = gnu17;
				GCC_NO_COMMON_BLOCKS = YES;
				GCC_WARN_64_TO_32_BIT_CONVERSION = YES;
				GCC_WARN_ABOUT_RETURN_TYPE = YES_ERROR;
				GCC_WARN_UNDECLARED_SELECTOR = YES;
				GCC_WARN_UNINITIALIZED_AUTOS = YES_AGGRESSIVE;
				GCC_WARN_UNUSED_FUNCTION = YES;
				GCC_WARN_UNUSED_VARIABLE = YES;
				IPHONEOS_DEPLOYMENT_TARGET = 26.5;
				LOCALIZATION_PREFERS_STRING_CATALOGS = YES;
				MTL_ENABLE_DEBUG_INFO = NO;
				MTL_FAST_MATH = YES;
				SDKROOT = iphoneos;
				SWIFT_COMPILATION_MODE = wholemodule;
				VALIDATE_PRODUCT = YES;
			};
			name = Release;
		};
		A49693C02FC430C6000BF5E9 /* Debug */ = {
			isa = XCBuildConfiguration;
			buildSettings = {
				ASSETCATALOG_COMPILER_APPICON_NAME = AppIcon;
				ASSETCATALOG_COMPILER_GLOBAL_ACCENT_COLOR_NAME = AccentColor;
				CODE_SIGN_STYLE = Automatic;
				CURRENT_PROJECT_VERSION = 1;
				DEVELOPMENT_TEAM = FD7EESNS6U;
				ENABLE_PREVIEWS = YES;
				GENERATE_INFOPLIST_FILE = YES;
				INFOPLIST_KEY_NSCameraUsageDescription = "Camp Comics needs the camera so staff can capture player photos for their personalized comic.";
				INFOPLIST_KEY_NSPhotoLibraryUsageDescription = "Camp Comics uses the photo library as a fallback when the camera isn't available (e.g. simulator).";
				INFOPLIST_KEY_UIApplicationSceneManifest_Generation = YES;
				INFOPLIST_KEY_UIApplicationSupportsIndirectInputEvents = YES;
				INFOPLIST_KEY_UILaunchScreen_Generation = YES;
				INFOPLIST_KEY_UISupportedInterfaceOrientations_iPad = "UIInterfaceOrientationPortrait UIInterfaceOrientationPortraitUpsideDown UIInterfaceOrientationLandscapeLeft UIInterfaceOrientationLandscapeRight";
				INFOPLIST_KEY_UISupportedInterfaceOrientations_iPhone = "UIInterfaceOrientationPortrait UIInterfaceOrientationLandscapeLeft UIInterfaceOrientationLandscapeRight";
				LD_RUNPATH_SEARCH_PATHS = (
					"$(inherited)",
					"@executable_path/Frameworks",
				);
				MARKETING_VERSION = 1.0;
				PRODUCT_BUNDLE_IDENTIFIER = me.jeremypruitt.CampComics;
				PRODUCT_NAME = "$(TARGET_NAME)";
				STRING_CATALOG_GENERATE_SYMBOLS = YES;
				SWIFT_APPROACHABLE_CONCURRENCY = YES;
				SWIFT_DEFAULT_ACTOR_ISOLATION = MainActor;
				SWIFT_EMIT_LOC_STRINGS = YES;
				SWIFT_UPCOMING_FEATURE_MEMBER_IMPORT_VISIBILITY = YES;
				SWIFT_VERSION = 5.0;
				TARGETED_DEVICE_FAMILY = "1,2";
			};
			name = Debug;
		};
		A49693C12FC430C6000BF5E9 /* Release */ = {
			isa = XCBuildConfiguration;
			buildSettings = {
				ASSETCATALOG_COMPILER_APPICON_NAME = AppIcon;
				ASSETCATALOG_COMPILER_GLOBAL_ACCENT_COLOR_NAME = AccentColor;
				CODE_SIGN_STYLE = Automatic;
				CURRENT_PROJECT_VERSION = 1;
				DEVELOPMENT_TEAM = FD7EESNS6U;
				ENABLE_PREVIEWS = YES;
				GENERATE_INFOPLIST_FILE = YES;
				INFOPLIST_KEY_NSCameraUsageDescription = "Camp Comics needs the camera so staff can capture player photos for their personalized comic.";
				INFOPLIST_KEY_NSPhotoLibraryUsageDescription = "Camp Comics uses the photo library as a fallback when the camera isn't available (e.g. simulator).";
				INFOPLIST_KEY_UIApplicationSceneManifest_Generation = YES;
				INFOPLIST_KEY_UIApplicationSupportsIndirectInputEvents = YES;
				INFOPLIST_KEY_UILaunchScreen_Generation = YES;
				INFOPLIST_KEY_UISupportedInterfaceOrientations_iPad = "UIInterfaceOrientationPortrait UIInterfaceOrientationPortraitUpsideDown UIInterfaceOrientationLandscapeLeft UIInterfaceOrientationLandscapeRight";
				INFOPLIST_KEY_UISupportedInterfaceOrientations_iPhone = "UIInterfaceOrientationPortrait UIInterfaceOrientationLandscapeLeft UIInterfaceOrientationLandscapeRight";
				LD_RUNPATH_SEARCH_PATHS = (
					"$(inherited)",
					"@executable_path/Frameworks",
				);
				MARKETING_VERSION = 1.0;
				PRODUCT_BUNDLE_IDENTIFIER = me.jeremypruitt.CampComics;
				PRODUCT_NAME = "$(TARGET_NAME)";
				STRING_CATALOG_GENERATE_SYMBOLS = YES;
				SWIFT_APPROACHABLE_CONCURRENCY = YES;
				SWIFT_DEFAULT_ACTOR_ISOLATION = MainActor;
				SWIFT_EMIT_LOC_STRINGS = YES;
				SWIFT_UPCOMING_FEATURE_MEMBER_IMPORT_VISIBILITY = YES;
				SWIFT_VERSION = 5.0;
				TARGETED_DEVICE_FAMILY = "1,2";
			};
			name = Release;
		};
		A49693C32FC430C6000BF5E9 /* Debug */ = {
			isa = XCBuildConfiguration;
			buildSettings = {
				BUNDLE_LOADER = "$(TEST_HOST)";
				CODE_SIGN_STYLE = Automatic;
				CURRENT_PROJECT_VERSION = 1;
				DEVELOPMENT_TEAM = FD7EESNS6U;
				GENERATE_INFOPLIST_FILE = YES;
				IPHONEOS_DEPLOYMENT_TARGET = 26.5;
				MARKETING_VERSION = 1.0;
				PRODUCT_BUNDLE_IDENTIFIER = me.jeremypruitt.CampComicsTests;
				PRODUCT_NAME = "$(TARGET_NAME)";
				STRING_CATALOG_GENERATE_SYMBOLS = NO;
				SWIFT_APPROACHABLE_CONCURRENCY = YES;
				SWIFT_EMIT_LOC_STRINGS = NO;
				SWIFT_UPCOMING_FEATURE_MEMBER_IMPORT_VISIBILITY = YES;
				SWIFT_VERSION = 5.0;
				TARGETED_DEVICE_FAMILY = "1,2";
				TEST_HOST = "$(BUILT_PRODUCTS_DIR)/CampComics.app/$(BUNDLE_EXECUTABLE_FOLDER_PATH)/CampComics";
			};
			name = Debug;
		};
		A49693C42FC430C6000BF5E9 /* Release */ = {
			isa = XCBuildConfiguration;
			buildSettings = {
				BUNDLE_LOADER = "$(TEST_HOST)";
				CODE_SIGN_STYLE = Automatic;
				CURRENT_PROJECT_VERSION = 1;
				DEVELOPMENT_TEAM = FD7EESNS6U;
				GENERATE_INFOPLIST_FILE = YES;
				IPHONEOS_DEPLOYMENT_TARGET = 26.5;
				MARKETING_VERSION = 1.0;
				PRODUCT_BUNDLE_IDENTIFIER = me.jeremypruitt.CampComicsTests;
				PRODUCT_NAME = "$(TARGET_NAME)";
				STRING_CATALOG_GENERATE_SYMBOLS = NO;
				SWIFT_APPROACHABLE_CONCURRENCY = YES;
				SWIFT_EMIT_LOC_STRINGS = NO;
				SWIFT_UPCOMING_FEATURE_MEMBER_IMPORT_VISIBILITY = YES;
				SWIFT_VERSION = 5.0;
				TARGETED_DEVICE_FAMILY = "1,2";
				TEST_HOST = "$(BUILT_PRODUCTS_DIR)/CampComics.app/$(BUNDLE_EXECUTABLE_FOLDER_PATH)/CampComics";
			};
			name = Release;
		};
		A49693C62FC430C6000BF5E9 /* Debug */ = {
			isa = XCBuildConfiguration;
			buildSettings = {
				CODE_SIGN_STYLE = Automatic;
				CURRENT_PROJECT_VERSION = 1;
				DEVELOPMENT_TEAM = FD7EESNS6U;
				GENERATE_INFOPLIST_FILE = YES;
				MARKETING_VERSION = 1.0;
				PRODUCT_BUNDLE_IDENTIFIER = me.jeremypruitt.CampComicsUITests;
				PRODUCT_NAME = "$(TARGET_NAME)";
				STRING_CATALOG_GENERATE_SYMBOLS = NO;
				SWIFT_APPROACHABLE_CONCURRENCY = YES;
				SWIFT_EMIT_LOC_STRINGS = NO;
				SWIFT_UPCOMING_FEATURE_MEMBER_IMPORT_VISIBILITY = YES;
				SWIFT_VERSION = 5.0;
				TARGETED_DEVICE_FAMILY = "1,2";
				TEST_TARGET_NAME = CampComics;
			};
			name = Debug;
		};
		A49693C72FC430C6000BF5E9 /* Release */ = {
			isa = XCBuildConfiguration;
			buildSettings = {
				CODE_SIGN_STYLE = Automatic;
				CURRENT_PROJECT_VERSION = 1;
				DEVELOPMENT_TEAM = FD7EESNS6U;
				GENERATE_INFOPLIST_FILE = YES;
				MARKETING_VERSION = 1.0;
				PRODUCT_BUNDLE_IDENTIFIER = me.jeremypruitt.CampComicsUITests;
				PRODUCT_NAME = "$(TARGET_NAME)";
				STRING_CATALOG_GENERATE_SYMBOLS = NO;
				SWIFT_APPROACHABLE_CONCURRENCY = YES;
				SWIFT_EMIT_LOC_STRINGS = NO;
				SWIFT_UPCOMING_FEATURE_MEMBER_IMPORT_VISIBILITY = YES;
				SWIFT_VERSION = 5.0;
				TARGETED_DEVICE_FAMILY = "1,2";
				TEST_TARGET_NAME = CampComics;
			};
			name = Release;
		};
/* End XCBuildConfiguration section */

/* Begin XCConfigurationList section */
		A49693992FC430C4000BF5E9 /* Build configuration list for PBXProject "CampComics" */ = {
			isa = XCConfigurationList;
			buildConfigurations = (
				A49693BD2FC430C6000BF5E9 /* Debug */,
				A49693BE2FC430C6000BF5E9 /* Release */,
			);
			defaultConfigurationIsVisible = 0;
			defaultConfigurationName = Release;
		};
		A49693BF2FC430C6000BF5E9 /* Build configuration list for PBXNativeTarget "CampComics" */ = {
			isa = XCConfigurationList;
			buildConfigurations = (
				A49693C02FC430C6000BF5E9 /* Debug */,
				A49693C12FC430C6000BF5E9 /* Release */,
			);
			defaultConfigurationIsVisible = 0;
			defaultConfigurationName = Release;
		};
		A49693C22FC430C6000BF5E9 /* Build configuration list for PBXNativeTarget "CampComicsTests" */ = {
			isa = XCConfigurationList;
			buildConfigurations = (
				A49693C32FC430C6000BF5E9 /* Debug */,
				A49693C42FC430C6000BF5E9 /* Release */,
			);
			defaultConfigurationIsVisible = 0;
			defaultConfigurationName = Release;
		};
		A49693C52FC430C6000BF5E9 /* Build configuration list for PBXNativeTarget "CampComicsUITests" */ = {
			isa = XCConfigurationList;
			buildConfigurations = (
				A49693C62FC430C6000BF5E9 /* Debug */,
				A49693C72FC430C6000BF5E9 /* Release */,
			);
			defaultConfigurationIsVisible = 0;
			defaultConfigurationName = Release;
		};
/* End XCConfigurationList section */

/* Begin XCLocalSwiftPackageReference section */
		A49693C82FC43763000BF5E9 /* XCLocalSwiftPackageReference "../CampComicsCore" */ = {
			isa = XCLocalSwiftPackageReference;
			relativePath = ../CampComicsCore;
		};
/* End XCLocalSwiftPackageReference section */

/* Begin XCRemoteSwiftPackageReference section */
		A49693C92FC43854000BF5E9 /* XCRemoteSwiftPackageReference "firebase-ios-sdk" */ = {
			isa = XCRemoteSwiftPackageReference;
			repositoryURL = "https://github.com/firebase/firebase-ios-sdk";
			requirement = {
				kind = upToNextMajorVersion;
				minimumVersion = 12.13.0;
			};
		};
/* End XCRemoteSwiftPackageReference section */

/* Begin XCSwiftPackageProductDependency section */
		A49693CA2FC43854000BF5E9 /* FirebaseAI */ = {
			isa = XCSwiftPackageProductDependency;
			package = A49693C92FC43854000BF5E9 /* XCRemoteSwiftPackageReference "firebase-ios-sdk" */;
			productName = FirebaseAI;
		};
		A49693CC2FC43854000BF5E9 /* FirebaseAnalytics */ = {
			isa = XCSwiftPackageProductDependency;
			package = A49693C92FC43854000BF5E9 /* XCRemoteSwiftPackageReference "firebase-ios-sdk" */;
			productName = FirebaseAnalytics;
		};
		B49693D02FC60000000BF5E9 /* CampComicsCore */ = {
			isa = XCSwiftPackageProductDependency;
			package = A49693C82FC43763000BF5E9 /* XCLocalSwiftPackageReference "../CampComicsCore" */;
			productName = CampComicsCore;
		};
/* End XCSwiftPackageProductDependency section */
	};
	rootObject = A49693962FC430C4000BF5E9 /* Project object */;
}
